
Microsoft Visual Studio Solution File, Format Version 12.00
# Visual Studio Version 16
VisualStudioVersion = 16.0.30225.117
MinimumVisualStudioVersion = 10.0.40219.1
Project("{FAE04EC0-301F-11D3-BF4B-00C04F79EFBC}") = "SkiaSharpLearning.Android", "SkiaSharpLearning\SkiaSharpLearning.Android\SkiaSharpLearning.Android.csproj", "{57716FCF-911E-4D44-BA44-ADF8CE072631}"
EndProject
Project("{9A19103F-16F7-4668-BE54-9A1E7A4F7556}") = "SkiaSharpLearning", "SkiaSharpLearning\SkiaSharpLearning\SkiaSharpLearning.csproj", "{3C972E3B-C964-476B-A011-952608224939}"
EndProject
Global
	GlobalSection(SolutionConfigurationPlatforms) = preSolution
		Debug|Any CPU = Debug|Any CPU
		Release|Any CPU = Release|Any CPU
	EndGlobalSection
	GlobalSection(ProjectConfigurationPlatforms) = postSolution
		{57716FCF-911E-4D44-BA44-ADF8CE072631}.Debug|Any CPU.ActiveCfg = Debug|Any CPU
		{57716FCF-911E-4D44-BA44-ADF8CE072631}.Debug|Any CPU.Build.0 = Debug|Any CPU
		{57716FCF-911E-4D44-BA44-ADF8CE072631}.Debug|Any CPU.Deploy.0 = Debug|Any CPU
		{57716FCF-911E-4D44-BA44-ADF8CE072631}.Release|Any CPU.ActiveCfg = Release|Any CPU
		{57716FCF-911E-4D44-BA44-ADF8CE072631}.Release|Any CPU.Build.0 = Release|Any CPU
		{57716FCF-911E-4D44-BA44-ADF8CE072631}.Release|Any CPU.Deploy.0 = Release|Any CPU
		{3C972E3B-C964-476B-A011-952608224939}.Debug|Any CPU.ActiveCfg = Debug|Any CPU
		{3C972E3B-C964-476B-A011-952608224939}.Debug|Any CPU.Build.0 = Debug|Any CPU
		{3C972E3B-C964-476B-A011-952608224939}.Debug|Any CPU.Deploy.0 = Debug|Any CPU
		{3C972E3B-C964-476B-A011-952608224939}.Release|Any CPU.ActiveCfg = Release|Any CPU
		{3C972E3B-C964-476B-A011-952608224939}.Release|Any CPU.Build.0 = Release|Any CPU
		{3C972E3B-C964-476B-A011-952608224939}.Release|Any CPU.Deploy.0 = Release|Any CPU
	EndGlobalSection
	GlobalSection(SolutionProperties) = preSolution
		HideSolutionNode = FALSE
	EndGlobalSection
	GlobalSection(ExtensibilityGlobals) = postSolution
		SolutionGuid = {0257845A-D65F-44C0-813F-178453503C6B}
	EndGlobalSection
EndGlobal
